<?xml version="1.0" encoding="utf-8"?>
<Project ToolsVersion="4.0" xmlns="http://schemas.microsoft.com/developer/msbuild/2003">
  <ItemGroup>
    <Filter Include="Source Files">
      <UniqueIdentifier>{a342c796-05c7-43a6-88ae-46e3c9aeff4c}</UniqueIdentifier>
      <Extensions>cpp;c;cxx;rc;def;r;odl;idl;hpj;bat</Extensions>
    </Filter>
    <Filter Include="Header Files">
      <UniqueIdentifier>{037487cc-c0db-4a87-8c38-c68548470865}</UniqueIdentifier>
      <Extensions>h;hpp;hxx;hm;inl</Extensions>
    </Filter>
    <Filter Include="Resource Files">
      <UniqueIdentifier>{f4bd39f2-395e-455c-9ddc-115e316571c9}</UniqueIdentifier>
      <Extensions>ico;cur;bmp;dlg;rc2;rct;bin;rgs;gif;jpg;jpeg;jpe</Extensions>
    </Filter>
  </ItemGroup>
  <ItemGroup>
    <ClCompile Include="config.cpp">
      <Filter>Source Files</Filter>
    </ClCompile>
    <ClCompile Include="configDlg.cpp">
      <Filter>Source Files</Filter>
    </ClCompile>
    <ClCompile Include="DlgAlarmCfg.cpp">
      <Filter>Source Files</Filter>
    </ClCompile>
    <ClCompile Include="DlgChanCfg.cpp">
      <Filter>Source Files</Filter>
    </ClCompile>
    <ClCompile Include="DlgDeviceCfg.cpp">
      <Filter>Source Files</Filter>
    </ClCompile>
    <ClCompile Include="DlgExceptionCfg.cpp">
      <Filter>Source Files</Filter>
    </ClCompile>
    <ClCompile Include="DlgPPPCfg.cpp">
      <Filter>Source Files</Filter>
    </ClCompile>
    <ClCompile Include="DlgRemoteAlarmInHandle.cpp">
      <Filter>Source Files</Filter>
    </ClCompile>
    <ClCompile Include="DlgRemoteAlarmInPtzInvoke.cpp">
      <Filter>Source Files</Filter>
    </ClCompile>
    <ClCompile Include="DlgRemoteHideAlarm.cpp">
      <Filter>Source Files</Filter>
    </ClCompile>
    <ClCompile Include="DlgRemoteHideArea.cpp">
      <Filter>Source Files</Filter>
    </ClCompile>
    <ClCompile Include="DlgRemoteMotionDetect.cpp">
      <Filter>Source Files</Filter>
    </ClCompile>
    <ClCompile Include="DlgRemoteRecordSchedule.cpp">
      <Filter>Source Files</Filter>
    </ClCompile>
    <ClCompile Include="DlgRemoteShowString.cpp">
      <Filter>Source Files</Filter>
    </ClCompile>
    <ClCompile Include="DlgRemoteVideoInLost.cpp">
      <Filter>Source Files</Filter>
    </ClCompile>
    <ClCompile Include="DlgSerialCfg.cpp">
      <Filter>Source Files</Filter>
    </ClCompile>
    <ClCompile Include="DlgUserCfg.cpp">
      <Filter>Source Files</Filter>
    </ClCompile>
    <ClCompile Include="StdAfx.cpp">
      <Filter>Source Files</Filter>
    </ClCompile>
  </ItemGroup>
  <ItemGroup>
    <ResourceCompile Include="config.rc">
      <Filter>Source Files</Filter>
    </ResourceCompile>
  </ItemGroup>
  <ItemGroup>
    <ClInclude Include="config.h">
      <Filter>Header Files</Filter>
    </ClInclude>
    <ClInclude Include="configDlg.h">
      <Filter>Header Files</Filter>
    </ClInclude>
    <ClInclude Include="DlgAlarmCfg.h">
      <Filter>Header Files</Filter>
    </ClInclude>
    <ClInclude Include="DlgChanCfg.h">
      <Filter>Header Files</Filter>
    </ClInclude>
    <ClInclude Include="DlgDeviceCfg.h">
      <Filter>Header Files</Filter>
    </ClInclude>
    <ClInclude Include="DlgExceptionCfg.h">
      <Filter>Header Files</Filter>
    </ClInclude>
    <ClInclude Include="DlgPPPCfg.h">
      <Filter>Header Files</Filter>
    </ClInclude>
    <ClInclude Include="DlgRemoteAlarmInHandle.h">
      <Filter>Header Files</Filter>
    </ClInclude>
    <ClInclude Include="DlgRemoteAlarmInPtzInvoke.h">
      <Filter>Header Files</Filter>
    </ClInclude>
    <ClInclude Include="DlgRemoteHideAlarm.h">
      <Filter>Header Files</Filter>
    </ClInclude>
    <ClInclude Include="DlgRemoteHideArea.h">
      <Filter>Header Files</Filter>
    </ClInclude>
    <ClInclude Include="DlgRemoteMotionDetect.h">
      <Filter>Header Files</Filter>
    </ClInclude>
    <ClInclude Include="DlgRemoteRecordSchedule.h">
      <Filter>Header Files</Filter>
    </ClInclude>
    <ClInclude Include="DlgRemoteShowString.h">
      <Filter>Header Files</Filter>
    </ClInclude>
    <ClInclude Include="DlgRemoteVideoInLost.h">
      <Filter>Header Files</Filter>
    </ClInclude>
    <ClInclude Include="DlgSerialCfg.h">
      <Filter>Header Files</Filter>
    </ClInclude>
    <ClInclude Include="DlgUserCfg.h">
      <Filter>Header Files</Filter>
    </ClInclude>
    <ClInclude Include="GeneralDef.h">
      <Filter>Header Files</Filter>
    </ClInclude>
    <ClInclude Include="Resource.h">
      <Filter>Header Files</Filter>
    </ClInclude>
    <ClInclude Include="StdAfx.h">
      <Filter>Header Files</Filter>
    </ClInclude>
  </ItemGroup>
  <ItemGroup>
    <Image Include="res\config.ico">
      <Filter>Resource Files</Filter>
    </Image>
  </ItemGroup>
  <ItemGroup>
    <Text Include="ReadMe.txt" />
  </ItemGroup>
  <ItemGroup>
    <CustomBuild Include="res\config.rc2">
      <Filter>Resource Files</Filter>
    </CustomBuild>
  </ItemGroup>
</Project>